
Microsoft Visual Studio Solution File, Format Version 12.00
# Visual Studio Version 17
VisualStudioVersion = 17.5.33627.172
MinimumVisualStudioVersion = 10.0.40219.1
Project("{FAE04EC0-301F-11D3-BF4B-00C04F79EFBC}") = "mailBox", "mailBox.csproj", "{08D2E2B1-C7EA-40C1-9EC2-FF9E81715795}"
EndProject
Global
	GlobalSection(SolutionConfigurationPlatforms) = preSolution
		Debug|Any CPU = Debug|Any CPU
		Release|Any CPU = Release|Any CPU
	EndGlobalSection
	GlobalSection(ProjectConfigurationPlatforms) = postSolution
		{08D2E2B1-C7EA-40C1-9EC2-FF9E81715795}.Debug|Any CPU.ActiveCfg = Debug|Any CPU
		{08D2E2B1-C7EA-40C1-9EC2-FF9E81715795}.Debug|Any CPU.Build.0 = Debug|Any CPU
		{08D2E2B1-C7EA-40C1-9EC2-FF9E81715795}.Release|Any CPU.ActiveCfg = Release|Any CPU
		{08D2E2B1-C7EA-40C1-9EC2-FF9E81715795}.Release|Any CPU.Build.0 = Release|Any CPU
	EndGlobalSection
	GlobalSection(SolutionProperties) = preSolution
		HideSolutionNode = FALSE
	EndGlobalSection
	GlobalSection(ExtensibilityGlobals) = postSolution
		SolutionGuid = {31DB1129-3DF2-4FC3-91AE-DED4EE97605A}
	EndGlobalSection
EndGlobal
